
Microsoft Visual Studio Solution File, Format Version 12.00
# Visual Studio Version 17
VisualStudioVersion = 17.14.36221.1
MinimumVisualStudioVersion = 10.0.40219.1
Project("{FAE04EC0-301F-11D3-BF4B-00C04F79EFBC}") = "CodeYad-Blog.Web", "CodeYad-Blog.Web\CodeYad-Blog.Web.csproj", "{B07ACF11-F9C9-418D-A4FA-155D6E71256D}"
EndProject
Project("{FAE04EC0-301F-11D3-BF4B-00C04F79EFBC}") = "CodeYad-Blog.DataLayer", "CodeYad-Blog.DataLayer\CodeYad-Blog.DataLayer.csproj", "{569F06F5-58FA-47A6-A58F-9D86E09D2928}"
EndProject
Project("{FAE04EC0-301F-11D3-BF4B-00C04F79EFBC}") = "CodeYad-Blog.CoreLayer", "CodeYad-Blog.CoreLayer\CodeYad-Blog.CoreLayer.csproj", "{7D764AB9-E318-4720-8637-04B02B6F663F}"
EndProject
Global
	GlobalSection(SolutionConfigurationPlatforms) = preSolution
		Debug|Any CPU = Debug|Any CPU
		Release|Any CPU = Release|Any CPU
	EndGlobalSection
	GlobalSection(ProjectConfigurationPlatforms) = postSolution
		{B07ACF11-F9C9-418D-A4FA-155D6E71256D}.Debug|Any CPU.ActiveCfg = Debug|Any CPU
		{B07ACF11-F9C9-418D-A4FA-155D6E71256D}.Debug|Any CPU.Build.0 = Debug|Any CPU
		{B07ACF11-F9C9-418D-A4FA-155D6E71256D}.Release|Any CPU.ActiveCfg = Release|Any CPU
		{B07ACF11-F9C9-418D-A4FA-155D6E71256D}.Release|Any CPU.Build.0 = Release|Any CPU
		{569F06F5-58FA-47A6-A58F-9D86E09D2928}.Debug|Any CPU.ActiveCfg = Debug|Any CPU
		{569F06F5-58FA-47A6-A58F-9D86E09D2928}.Debug|Any CPU.Build.0 = Debug|Any CPU
		{569F06F5-58FA-47A6-A58F-9D86E09D2928}.Release|Any CPU.ActiveCfg = Release|Any CPU
		{569F06F5-58FA-47A6-A58F-9D86E09D2928}.Release|Any CPU.Build.0 = Release|Any CPU
		{7D764AB9-E318-4720-8637-04B02B6F663F}.Debug|Any CPU.ActiveCfg = Debug|Any CPU
		{7D764AB9-E318-4720-8637-04B02B6F663F}.Debug|Any CPU.Build.0 = Debug|Any CPU
		{7D764AB9-E318-4720-8637-04B02B6F663F}.Release|Any CPU.ActiveCfg = Release|Any CPU
		{7D764AB9-E318-4720-8637-04B02B6F663F}.Release|Any CPU.Build.0 = Release|Any CPU
	EndGlobalSection
	GlobalSection(SolutionProperties) = preSolution
		HideSolutionNode = FALSE
	EndGlobalSection
	GlobalSection(ExtensibilityGlobals) = postSolution
		SolutionGuid = {87480BFF-E2FC-4F3C-B3C9-CD573C65D859}
	EndGlobalSection
EndGlobal
